
Microsoft Visual Studio Solution File, Format Version 12.00
# Visual Studio Version 16
VisualStudioVersion = 16.0.30523.141
MinimumVisualStudioVersion = 10.0.40219.1
Project("{FAE04EC0-301F-11D3-BF4B-00C04F79EFBC}") = "Exercice-II", "Exercice-II\Exercice-II.csproj", "{9D3AED1B-490A-49B8-B7AC-DAC06D7FBDDF}"
EndProject
Project("{FAE04EC0-301F-11D3-BF4B-00C04F79EFBC}") = "UnitTestExercice-II", "UnitTestExercice-II\UnitTestExercice-II.csproj", "{CCDDC3C8-A557-491B-BA1F-E2D6D2CA0E60}"
EndProject
Global
	GlobalSection(SolutionConfigurationPlatforms) = preSolution
		Debug|Any CPU = Debug|Any CPU
		Release|Any CPU = Release|Any CPU
	EndGlobalSection
	GlobalSection(ProjectConfigurationPlatforms) = postSolution
		{9D3AED1B-490A-49B8-B7AC-DAC06D7FBDDF}.Debug|Any CPU.ActiveCfg = Debug|Any CPU
		{9D3AED1B-490A-49B8-B7AC-DAC06D7FBDDF}.Debug|Any CPU.Build.0 = Debug|Any CPU
		{9D3AED1B-490A-49B8-B7AC-DAC06D7FBDDF}.Release|Any CPU.ActiveCfg = Release|Any CPU
		{9D3AED1B-490A-49B8-B7AC-DAC06D7FBDDF}.Release|Any CPU.Build.0 = Release|Any CPU
		{CCDDC3C8-A557-491B-BA1F-E2D6D2CA0E60}.Debug|Any CPU.ActiveCfg = Debug|Any CPU
		{CCDDC3C8-A557-491B-BA1F-E2D6D2CA0E60}.Debug|Any CPU.Build.0 = Debug|Any CPU
		{CCDDC3C8-A557-491B-BA1F-E2D6D2CA0E60}.Release|Any CPU.ActiveCfg = Release|Any CPU
		{CCDDC3C8-A557-491B-BA1F-E2D6D2CA0E60}.Release|Any CPU.Build.0 = Release|Any CPU
	EndGlobalSection
	GlobalSection(SolutionProperties) = preSolution
		HideSolutionNode = FALSE
	EndGlobalSection
	GlobalSection(ExtensibilityGlobals) = postSolution
		SolutionGuid = {E2283996-3D8E-4E52-B481-7618208C589A}
	EndGlobalSection
EndGlobal
