
Microsoft Visual Studio Solution File, Format Version 12.00
# Visual Studio Version 16
VisualStudioVersion = 16.0.30523.141
MinimumVisualStudioVersion = 10.0.40219.1
Project("{FAE04EC0-301F-11D3-BF4B-00C04F79EFBC}") = "Projet_Final_DSDP", "Projet_Final_DSDP\Projet_Final_DSDP.csproj", "{F5851976-6C83-4F08-B4D5-69A37B89ECC5}"
EndProject
Project("{FAE04EC0-301F-11D3-BF4B-00C04F79EFBC}") = "unit_test1", "unit_test1\unit_test1.csproj", "{62F18462-FAE2-48D6-B052-15F5D4D56299}"
EndProject
Global
	GlobalSection(SolutionConfigurationPlatforms) = preSolution
		Debug|Any CPU = Debug|Any CPU
		Release|Any CPU = Release|Any CPU
	EndGlobalSection
	GlobalSection(ProjectConfigurationPlatforms) = postSolution
		{F5851976-6C83-4F08-B4D5-69A37B89ECC5}.Debug|Any CPU.ActiveCfg = Debug|Any CPU
		{F5851976-6C83-4F08-B4D5-69A37B89ECC5}.Debug|Any CPU.Build.0 = Debug|Any CPU
		{F5851976-6C83-4F08-B4D5-69A37B89ECC5}.Release|Any CPU.ActiveCfg = Release|Any CPU
		{F5851976-6C83-4F08-B4D5-69A37B89ECC5}.Release|Any CPU.Build.0 = Release|Any CPU
		{62F18462-FAE2-48D6-B052-15F5D4D56299}.Debug|Any CPU.ActiveCfg = Debug|Any CPU
		{62F18462-FAE2-48D6-B052-15F5D4D56299}.Debug|Any CPU.Build.0 = Debug|Any CPU
		{62F18462-FAE2-48D6-B052-15F5D4D56299}.Release|Any CPU.ActiveCfg = Release|Any CPU
		{62F18462-FAE2-48D6-B052-15F5D4D56299}.Release|Any CPU.Build.0 = Release|Any CPU
	EndGlobalSection
	GlobalSection(SolutionProperties) = preSolution
		HideSolutionNode = FALSE
	EndGlobalSection
	GlobalSection(ExtensibilityGlobals) = postSolution
		SolutionGuid = {168C74CB-3709-4D4E-B806-E38402002D39}
	EndGlobalSection
EndGlobal
